// !$*UTF8*$!
{
	archiveVersion = 1;
	classes = {
	};
	objectVersion = 46;
	objects = {

/* Begin PBXBuildFile section */
		7B740FAA1F3F41100029DD94 /* AppDelegate.swift in Sources */ = {isa = PBXBuildFile; fileRef = 7B740FA91F3F41100029DD94 /* AppDelegate.swift */; };
		7B740FAC1F3F41100029DD94 /* ViewController.swift in Sources */ = {isa = PBXBuildFile; fileRef = 7B740FAB1F3F41100029DD94 /* ViewController.swift */; };
		7B740FAF1F3F41100029DD94 /* Main.storyboard in Resources */ = {isa = PBXBuildFile; fileRef = 7B740FAD1F3F41100029DD94 /* Main.storyboard */; };
		7B740FB11F3F41100029DD94 /* Assets.xcassets in Resources */ = {isa = PBXBuildFile; fileRef = 7B740FB01F3F41100029DD94 /* Assets.xcassets */; };
		7B740FB41F3F41100029DD94 /* LaunchScreen.storyboard in Resources */ = {isa = PBXBuildFile; fileRef = 7B740FB21F3F41100029DD94 /* LaunchScreen.storyboard */; };
		7B740FBF1F3F41100029DD94 /* TurnKnobTests.swift in Sources */ = {isa = PBXBuildFile; fileRef = 7B740FBE1F3F41100029DD94 /* TurnKnobTests.swift */; };
		7B740FCA1F3F41100029DD94 /* TurnKnobUITests.swift in Sources */ = {isa = PBXBuildFile; fileRef = 7B740FC91F3F41100029DD94 /* TurnKnobUITests.swift */; };
		7B740FD81F3F41580029DD94 /* TurnKnobView.swift in Sources */ = {isa = PBXBuildFile; fileRef = 7B740FD71F3F41580029DD94 /* TurnKnobView.swift */; };
		7BAF74391F3F71CF00DEAB68 /* KnobView.swift in Sources */ = {isa = PBXBuildFile; fileRef = 7BAF74381F3F71CF00DEAB68 /* KnobView.swift */; };
/* End PBXBuildFile section */

/* Begin PBXContainerItemProxy section */
		7B740FBB1F3F41100029DD94 /* PBXContainerItemProxy */ = {
			isa = PBXContainerItemProxy;
			containerPortal = 7B740F9E1F3F410F0029DD94 /* Project object */;
			proxyType = 1;
			remoteGlobalIDString = 7B740FA51F3F410F0029DD94;
			remoteInfo = TurnKnob;
		};
		7B740FC61F3F41100029DD94 /* PBXContainerItemProxy */ = {
			isa = PBXContainerItemProxy;
			containerPortal = 7B740F9E1F3F410F0029DD94 /* Project object */;
			proxyType = 1;
			remoteGlobalIDString = 7B740FA51F3F410F0029DD94;
			remoteInfo = TurnKnob;
		};
/* End PBXContainerItemProxy section */

/* Begin PBXFileReference section */
		7B740FA61F3F410F0029DD94 /* TurnKnob.app */ = {isa = PBXFileReference; explicitFileType = wrapper.application; includeInIndex = 0; path = TurnKnob.app; sourceTree = BUILT_PRODUCTS_DIR; };
		7B740FA91F3F41100029DD94 /* AppDelegate.swift */ = {isa = PBXFileReference; lastKnownFileType = sourcecode.swift; path = AppDelegate.swift; sourceTree = "<group>"; };
		7B740FAB1F3F41100029DD94 /* ViewController.swift */ = {isa = PBXFileReference; lastKnownFileType = sourcecode.swift; path = ViewController.swift; sourceTree = "<group>"; };
		7B740FAE1F3F41100029DD94 /* Base */ = {isa = PBXFileReference; lastKnownFileType = file.storyboard; name = Base; path = Base.lproj/Main.storyboard; sourceTree = "<group>"; };
		7B740FB01F3F41100029DD94 /* Assets.xcassets */ = {isa = PBXFileReference; lastKnownFileType = folder.assetcatalog; path = Assets.xcassets; sourceTree = "<group>"; };
		7B740FB31F3F41100029DD94 /* Base */ = {isa = PBXFileReference; lastKnownFileType = file.storyboard; name = Base; path = Base.lproj/LaunchScreen.storyboard; sourceTree = "<group>"; };
		7B740FB51F3F41100029DD94 /* Info.plist */ = {isa = PBXFileReference; lastKnownFileType = text.plist.xml; path = Info.plist; sourceTree = "<group>"; };
		7B740FBA1F3F41100029DD94 /* TurnKnobTests.xctest */ = {isa = PBXFileReference; explicitFileType = wrapper.cfbundle; includeInIndex = 0; path = TurnKnobTests.xctest; sourceTree = BUILT_PRODUCTS_DIR; };
		7B740FBE1F3F41100029DD94 /* TurnKnobTests.swift */ = {isa = PBXFileReference; lastKnownFileType = sourcecode.swift; path = TurnKnobTests.swift; sourceTree = "<group>"; };
		7B740FC01F3F41100029DD94 /* Info.plist */ = {isa = PBXFileReference; lastKnownFileType = text.plist.xml; path = Info.plist; sourceTree = "<group>"; };
		7B740FC51F3F41100029DD94 /* TurnKnobUITests.xctest */ = {isa = PBXFileReference; explicitFileType = wrapper.cfbundle; includeInIndex = 0; path = TurnKnobUITests.xctest; sourceTree = BUILT_PRODUCTS_DIR; };
		7B740FC91F3F41100029DD94 /* TurnKnobUITests.swift */ = {isa = PBXFileReference; lastKnownFileType = sourcecode.swift; path = TurnKnobUITests.swift; sourceTree = "<group>"; };
		7B740FCB1F3F41100029DD94 /* Info.plist */ = {isa = PBXFileReference; lastKnownFileType = text.plist.xml; path = Info.plist; sourceTree = "<group>"; };
		7B740FD71F3F41580029DD94 /* TurnKnobView.swift */ = {isa = PBXFileReference; fileEncoding = 4; lastKnownFileType = sourcecode.swift; path = TurnKnobView.swift; sourceTree = SOURCE_ROOT; };
		7BAF74381F3F71CF00DEAB68 /* KnobView.swift */ = {isa = PBXFileReference; fileEncoding = 4; lastKnownFileType = sourcecode.swift; path = KnobView.swift; sourceTree = "<group>"; };
/* End PBXFileReference section */

/* Begin PBXFrameworksBuildPhase section */
		7B740FA31F3F410F0029DD94 /* Frameworks */ = {
			isa = PBXFrameworksBuildPhase;
			buildActionMask = 2147483647;
			files = (
			);
			runOnlyForDeploymentPostprocessing = 0;
		};
		7B740FB71F3F41100029DD94 /* Frameworks */ = {
			isa = PBXFrameworksBuildPhase;
			buildActionMask = 2147483647;
			files = (
			);
			runOnlyForDeploymentPostprocessing = 0;
		};
		7B740FC21F3F41100029DD94 /* Frameworks */ = {
			isa = PBXFrameworksBuildPhase;
			buildActionMask = 2147483647;
			files = (
			);
			runOnlyForDeploymentPostprocessing = 0;
		};
/* End PBXFrameworksBuildPhase section */

/* Begin PBXGroup section */
		7B740F9D1F3F410F0029DD94 = {
			isa = PBXGroup;
			children = (
				7B740FA81F3F41100029DD94 /* TurnKnob */,
				7B740FBD1F3F41100029DD94 /* TurnKnobTests */,
				7B740FC81F3F41100029DD94 /* TurnKnobUITests */,
				7B740FA71F3F410F0029DD94 /* Products */,
			);
			sourceTree = "<group>";
		};
		7B740FA71F3F410F0029DD94 /* Products */ = {
			isa = PBXGroup;
			children = (
				7B740FA61F3F410F0029DD94 /* TurnKnob.app */,
				7B740FBA1F3F41100029DD94 /* TurnKnobTests.xctest */,
				7B740FC51F3F41100029DD94 /* TurnKnobUITests.xctest */,
			);
			name = Products;
			sourceTree = "<group>";
		};
		7B740FA81F3F41100029DD94 /* TurnKnob */ = {
			isa = PBXGroup;
			children = (
				7B740FA91F3F41100029DD94 /* AppDelegate.swift */,
				7B740FD71F3F41580029DD94 /* TurnKnobView.swift */,
				7B740FAB1F3F41100029DD94 /* ViewController.swift */,
				7B740FAD1F3F41100029DD94 /* Main.storyboard */,
				7B740FB01F3F41100029DD94 /* Assets.xcassets */,
				7B740FB21F3F41100029DD94 /* LaunchScreen.storyboard */,
				7BAF74381F3F71CF00DEAB68 /* KnobView.swift */,
				7B740FB51F3F41100029DD94 /* Info.plist */,
			);
			path = TurnKnob;
			sourceTree = "<group>";
		};
		7B740FBD1F3F41100029DD94 /* TurnKnobTests */ = {
			isa = PBXGroup;
			children = (
				7B740FBE1F3F41100029DD94 /* TurnKnobTests.swift */,
				7B740FC01F3F41100029DD94 /* Info.plist */,
			);
			path = TurnKnobTests;
			sourceTree = "<group>";
		};
		7B740FC81F3F41100029DD94 /* TurnKnobUITests */ = {
			isa = PBXGroup;
			children = (
				7B740FC91F3F41100029DD94 /* TurnKnobUITests.swift */,
				7B740FCB1F3F41100029DD94 /* Info.plist */,
			);
			path = TurnKnobUITests;
			sourceTree = "<group>";
		};
/* End PBXGroup section */

/* Begin PBXNativeTarget section */
		7B740FA51F3F410F0029DD94 /* TurnKnob */ = {
			isa = PBXNativeTarget;
			buildConfigurationList = 7B740FCE1F3F41100029DD94 /* Build configuration list for PBXNativeTarget "TurnKnob" */;
			buildPhases = (
				7B740FA21F3F410F0029DD94 /* Sources */,
				7B740FA31F3F410F0029DD94 /* Frameworks */,
				7B740FA41F3F410F0029DD94 /* Resources */,
			);
			buildRules = (
			);
			dependencies = (
			);
			name = TurnKnob;
			productName = TurnKnob;
			productReference = 7B740FA61F3F410F0029DD94 /* TurnKnob.app */;
			productType = "com.apple.product-type.application";
		};
		7B740FB91F3F41100029DD94 /* TurnKnobTests */ = {
			isa = PBXNativeTarget;
			buildConfigurationList = 7B740FD11F3F41100029DD94 /* Build configuration list for PBXNativeTarget "TurnKnobTests" */;
			buildPhases = (
				7B740FB61F3F41100029DD94 /* Sources */,
				7B740FB71F3F41100029DD94 /* Frameworks */,
				7B740FB81F3F41100029DD94 /* Resources */,
			);
			buildRules = (
			);
			dependencies = (
				7B740FBC1F3F41100029DD94 /* PBXTargetDependency */,
			);
			name = TurnKnobTests;
			productName = TurnKnobTests;
			productReference = 7B740FBA1F3F41100029DD94 /* TurnKnobTests.xctest */;
			productType = "com.apple.product-type.bundle.unit-test";
		};
		7B740FC41F3F41100029DD94 /* TurnKnobUITests */ = {
			isa = PBXNativeTarget;
			buildConfigurationList = 7B740FD41F3F41100029DD94 /* Build configuration list for PBXNativeTarget "TurnKnobUITests" */;
			buildPhases = (
				7B740FC11F3F41100029DD94 /* Sources */,
				7B740FC21F3F41100029DD94 /* Frameworks */,
				7B740FC31F3F41100029DD94 /* Resources */,
			);
			buildRules = (
			);
			dependencies = (
				7B740FC71F3F41100029DD94 /* PBXTargetDependency */,
			);
			name = TurnKnobUITests;
			productName = TurnKnobUITests;
			productReference = 7B740FC51F3F41100029DD94 /* TurnKnobUITests.xctest */;
			productType = "com.apple.product-type.bundle.ui-testing";
		};
/* End PBXNativeTarget section */

/* Begin PBXProject section */
		7B740F9E1F3F410F0029DD94 /* Project object */ = {
			isa = PBXProject;
			attributes = {
				LastSwiftUpdateCheck = 0830;
				LastUpgradeCheck = 0830;
				ORGANIZATIONNAME = "Daniel Hjärtström";
				TargetAttributes = {
					7B740FA51F3F410F0029DD94 = {
						CreatedOnToolsVersion = 8.3.3;
						DevelopmentTeam = 6ZL797GF7H;
						ProvisioningStyle = Automatic;
					};
					7B740FB91F3F41100029DD94 = {
						CreatedOnToolsVersion = 8.3.3;
						DevelopmentTeam = 6ZL797GF7H;
						ProvisioningStyle = Automatic;
						TestTargetID = 7B740FA51F3F410F0029DD94;
					};
					7B740FC41F3F41100029DD94 = {
						CreatedOnToolsVersion = 8.3.3;
						DevelopmentTeam = 6ZL797GF7H;
						ProvisioningStyle = Automatic;
						TestTargetID = 7B740FA51F3F410F0029DD94;
					};
				};
			};
			buildConfigurationList = 7B740FA11F3F410F0029DD94 /* Build configuration list for PBXProject "TurnKnob" */;
			compatibilityVersion = "Xcode 3.2";
			developmentRegion = English;
			hasScannedForEncodings = 0;
			knownRegions = (
				en,
				Base,
			);
			mainGroup = 7B740F9D1F3F410F0029DD94;
			productRefGroup = 7B740FA71F3F410F0029DD94 /* Products */;
			projectDirPath = "";
			projectRoot = "";
			targets = (
				7B740FA51F3F410F0029DD94 /* TurnKnob */,
				7B740FB91F3F41100029DD94 /* TurnKnobTests */,
				7B740FC41F3F41100029DD94 /* TurnKnobUITests */,
			);
		};
/* End PBXProject section */

/* Begin PBXResourcesBuildPhase section */
		7B740FA41F3F410F0029DD94 /* Resources */ = {
			isa = PBXResourcesBuildPhase;
			buildActionMask = 2147483647;
			files = (
				7B740FB41F3F41100029DD94 /* LaunchScreen.storyboard in Resources */,
				7B740FB11F3F41100029DD94 /* Assets.xcassets in Resources */,
				7B740FAF1F3F41100029DD94 /* Main.storyboard in Resources */,
			);
			runOnlyForDeploymentPostprocessing = 0;
		};
		7B740FB81F3F41100029DD94 /* Resources */ = {
			isa = PBXResourcesBuildPhase;
			buildActionMask = 2147483647;
			files = (
			);
			runOnlyForDeploymentPostprocessing = 0;
		};
		7B740FC31F3F41100029DD94 /* Resources */ = {
			isa = PBXResourcesBuildPhase;
			buildActionMask = 2147483647;
			files = (
			);
			runOnlyForDeploymentPostprocessing = 0;
		};
/* End PBXResourcesBuildPhase section */

/* Begin PBXSourcesBuildPhase section */
		7B740FA21F3F410F0029DD94 /* Sources */ = {
			isa = PBXSourcesBuildPhase;
			buildActionMask = 2147483647;
			files = (
				7B740FAC1F3F41100029DD94 /* ViewController.swift in Sources */,
				7B740FD81F3F41580029DD94 /* TurnKnobView.swift in Sources */,
				7BAF74391F3F71CF00DEAB68 /* KnobView.swift in Sources */,
				7B740FAA1F3F41100029DD94 /* AppDelegate.swift in Sources */,
			);
			runOnlyForDeploymentPostprocessing = 0;
		};
		7B740FB61F3F41100029DD94 /* Sources */ = {
			isa = PBXSourcesBuildPhase;
			buildActionMask = 2147483647;
			files = (
				7B740FBF1F3F41100029DD94 /* TurnKnobTests.swift in Sources */,
			);
			runOnlyForDeploymentPostprocessing = 0;
		};
		7B740FC11F3F41100029DD94 /* Sources */ = {
			isa = PBXSourcesBuildPhase;
			buildActionMask = 2147483647;
			files = (
				7B740FCA1F3F41100029DD94 /* TurnKnobUITests.swift in Sources */,
			);
			runOnlyForDeploymentPostprocessing = 0;
		};
/* End PBXSourcesBuildPhase section */

/* Begin PBXTargetDependency section */
		7B740FBC1F3F41100029DD94 /* PBXTargetDependency */ = {
			isa = PBXTargetDependency;
			target = 7B740FA51F3F410F0029DD94 /* TurnKnob */;
			targetProxy = 7B740FBB1F3F41100029DD94 /* PBXContainerItemProxy */;
		};
		7B740FC71F3F41100029DD94 /* PBXTargetDependency */ = {
			isa = PBXTargetDependency;
			target = 7B740FA51F3F410F0029DD94 /* TurnKnob */;
			targetProxy = 7B740FC61F3F41100029DD94 /* PBXContainerItemProxy */;
		};
/* End PBXTargetDependency section */

/* Begin PBXVariantGroup section */
		7B740FAD1F3F41100029DD94 /* Main.storyboard */ = {
			isa = PBXVariantGroup;
			children = (
				7B740FAE1F3F41100029DD94 /* Base */,
			);
			name = Main.storyboard;
			sourceTree = "<group>";
		};
		7B740FB21F3F41100029DD94 /* LaunchScreen.storyboard */ = {
			isa = PBXVariantGroup;
			children = (
				7B740FB31F3F41100029DD94 /* Base */,
			);
			name = LaunchScreen.storyboard;
			sourceTree = "<group>";
		};
/* End PBXVariantGroup section */

/* Begin XCBuildConfiguration section */
		7B740FCC1F3F41100029DD94 /* Debug */ = {
			isa = XCBuildConfiguration;
			buildSettings = {
				ALWAYS_SEARCH_USER_PATHS = NO;
				CLANG_ANALYZER_NONNULL = YES;
				CLANG_ANALYZER_NUMBER_OBJECT_CONVERSION = YES_AGGRESSIVE;
				CLANG_CXX_LANGUAGE_STANDARD = "gnu++0x";
				CLANG_CXX_LIBRARY = "libc++";
				CLANG_ENABLE_MODULES = YES;
				CLANG_ENABLE_OBJC_ARC = YES;
				CLANG_WARN_BOOL_CONVERSION = YES;
				CLANG_WARN_CONSTANT_CONVERSION = YES;
				CLANG_WARN_DIRECT_OBJC_ISA_USAGE = YES_ERROR;
				CLANG_WARN_DOCUMENTATION_COMMENTS = YES;
				CLANG_WARN_EMPTY_BODY = YES;
				CLANG_WARN_ENUM_CONVERSION = YES;
				CLANG_WARN_INFINITE_RECURSION = YES;
				CLANG_WARN_INT_CONVERSION = YES;
				CLANG_WARN_OBJC_ROOT_CLASS = YES_ERROR;
				CLANG_WARN_SUSPICIOUS_MOVE = YES;
				CLANG_WARN_UNREACHABLE_CODE = YES;
				CLANG_WARN__DUPLICATE_METHOD_MATCH = YES;
				"CODE_SIGN_IDENTITY[sdk=iphoneos*]" = "iPhone Developer";
				COPY_PHASE_STRIP = NO;
				DEBUG_INFORMATION_FORMAT = dwarf;
				ENABLE_STRICT_OBJC_MSGSEND = YES;
				ENABLE_TESTABILITY = YES;
				GCC_C_LANGUAGE_STANDARD = gnu99;
				GCC_DYNAMIC_NO_PIC = NO;
				GCC_NO_COMMON_BLOCKS = YES;
				GCC_OPTIMIZATION_LEVEL = 0;
				GCC_PREPROCESSOR_DEFINITIONS = (
					"DEBUG=1",
					"$(inherited)",
				);
				GCC_WARN_64_TO_32_BIT_CONVERSION = YES;
				GCC_WARN_ABOUT_RETURN_TYPE = YES_ERROR;
				GCC_WARN_UNDECLARED_SELECTOR = YES;
				GCC_WARN_UNINITIALIZED_AUTOS = YES_AGGRESSIVE;
				GCC_WARN_UNUSED_FUNCTION = YES;
				GCC_WARN_UNUSED_VARIABLE = YES;
				IPHONEOS_DEPLOYMENT_TARGET = 10.3;
				MTL_ENABLE_DEBUG_INFO = YES;
				ONLY_ACTIVE_ARCH = YES;
				SDKROOT = iphoneos;
				SWIFT_ACTIVE_COMPILATION_CONDITIONS = DEBUG;
				SWIFT_OPTIMIZATION_LEVEL = "-Onone";
				TARGETED_DEVICE_FAMILY = "1,2";
			};
			name = Debug;
		};
		7B740FCD1F3F41100029DD94 /* Release */ = {
			isa = XCBuildConfiguration;
			buildSettings = {
				ALWAYS_SEARCH_USER_PATHS = NO;
				CLANG_ANALYZER_NONNULL = YES;
				CLANG_ANALYZER_NUMBER_OBJECT_CONVERSION = YES_AGGRESSIVE;
				CLANG_CXX_LANGUAGE_STANDARD = "gnu++0x";
				CLANG_CXX_LIBRARY = "libc++";
				CLANG_ENABLE_MODULES = YES;
				CLANG_ENABLE_OBJC_ARC = YES;
				CLANG_WARN_BOOL_CONVERSION = YES;
				CLANG_WARN_CONSTANT_CONVERSION = YES;
				CLANG_WARN_DIRECT_OBJC_ISA_USAGE = YES_ERROR;
				CLANG_WARN_DOCUMENTATION_COMMENTS = YES;
				CLANG_WARN_EMPTY_BODY = YES;
				CLANG_WARN_ENUM_CONVERSION = YES;
				CLANG_WARN_INFINITE_RECURSION = YES;
				CLANG_WARN_INT_CONVERSION = YES;
				CLANG_WARN_OBJC_ROOT_CLASS = YES_ERROR;
				CLANG_WARN_SUSPICIOUS_MOVE = YES;
				CLANG_WARN_UNREACHABLE_CODE = YES;
				CLANG_WARN__DUPLICATE_METHOD_MATCH = YES;
				"CODE_SIGN_IDENTITY[sdk=iphoneos*]" = "iPhone Developer";
				COPY_PHASE_STRIP = NO;
				DEBUG_INFORMATION_FORMAT = "dwarf-with-dsym";
				ENABLE_NS_ASSERTIONS = NO;
				ENABLE_STRICT_OBJC_MSGSEND = YES;
				GCC_C_LANGUAGE_STANDARD = gnu99;
				GCC_NO_COMMON_BLOCKS = YES;
				GCC_WARN_64_TO_32_BIT_CONVERSION = YES;
				GCC_WARN_ABOUT_RETURN_TYPE = YES_ERROR;
				GCC_WARN_UNDECLARED_SELECTOR = YES;
				GCC_WARN_UNINITIALIZED_AUTOS = YES_AGGRESSIVE;
				GCC_WARN_UNUSED_FUNCTION = YES;
				GCC_WARN_UNUSED_VARIABLE = YES;
				IPHONEOS_DEPLOYMENT_TARGET = 10.3;
				MTL_ENABLE_DEBUG_INFO = NO;
				SDKROOT = iphoneos;
				SWIFT_OPTIMIZATION_LEVEL = "-Owholemodule";
				TARGETED_DEVICE_FAMILY = "1,2";
				VALIDATE_PRODUCT = YES;
			};
			name = Release;
		};
		7B740FCF1F3F41100029DD94 /* Debug */ = {
			isa = XCBuildConfiguration;
			buildSettings = {
				ASSETCATALOG_COMPILER_APPICON_NAME = AppIcon;
				DEVELOPMENT_TEAM = 6ZL797GF7H;
				INFOPLIST_FILE = TurnKnob/Info.plist;
				LD_RUNPATH_SEARCH_PATHS = "$(inherited) @executable_path/Frameworks";
				PRODUCT_BUNDLE_IDENTIFIER = com.danielhjartstrom.TurnKnob;
				PRODUCT_NAME = "$(TARGET_NAME)";
				SWIFT_VERSION = 3.0;
			};
			name = Debug;
		};
		7B740FD01F3F41100029DD94 /* Release */ = {
			isa = XCBuildConfiguration;
			buildSettings = {
				ASSETCATALOG_COMPILER_APPICON_NAME = AppIcon;
				DEVELOPMENT_TEAM = 6ZL797GF7H;
				INFOPLIST_FILE = TurnKnob/Info.plist;
				LD_RUNPATH_SEARCH_PATHS = "$(inherited) @executable_path/Frameworks";
				PRODUCT_BUNDLE_IDENTIFIER = com.danielhjartstrom.TurnKnob;
				PRODUCT_NAME = "$(TARGET_NAME)";
				SWIFT_VERSION = 3.0;
			};
			name = Release;
		};
		7B740FD21F3F41100029DD94 /* Debug */ = {
			isa = XCBuildConfiguration;
			buildSettings = {
				ALWAYS_EMBED_SWIFT_STANDARD_LIBRARIES = YES;
				BUNDLE_LOADER = "$(TEST_HOST)";
				DEVELOPMENT_TEAM = 6ZL797GF7H;
				INFOPLIST_FILE = TurnKnobTests/Info.plist;
				LD_RUNPATH_SEARCH_PATHS = "$(inherited) @executable_path/Frameworks @loader_path/Frameworks";
				PRODUCT_BUNDLE_IDENTIFIER = com.danielhjartstrom.TurnKnobTests;
				PRODUCT_NAME = "$(TARGET_NAME)";
				SWIFT_VERSION = 3.0;
				TEST_HOST = "$(BUILT_PRODUCTS_DIR)/TurnKnob.app/TurnKnob";
			};
			name = Debug;
		};
		7B740FD31F3F41100029DD94 /* Release */ = {
			isa = XCBuildConfiguration;
			buildSettings = {
				ALWAYS_EMBED_SWIFT_STANDARD_LIBRARIES = YES;
				BUNDLE_LOADER = "$(TEST_HOST)";
				DEVELOPMENT_TEAM = 6ZL797GF7H;
				INFOPLIST_FILE = TurnKnobTests/Info.plist;
				LD_RUNPATH_SEARCH_PATHS = "$(inherited) @executable_path/Frameworks @loader_path/Frameworks";
				PRODUCT_BUNDLE_IDENTIFIER = com.danielhjartstrom.TurnKnobTests;
				PRODUCT_NAME = "$(TARGET_NAME)";
				SWIFT_VERSION = 3.0;
				TEST_HOST = "$(BUILT_PRODUCTS_DIR)/TurnKnob.app/TurnKnob";
			};
			name = Release;
		};
		7B740FD51F3F41100029DD94 /* Debug */ = {
			isa = XCBuildConfiguration;
			buildSettings = {
				ALWAYS_EMBED_SWIFT_STANDARD_LIBRARIES = YES;
				DEVELOPMENT_TEAM = 6ZL797GF7H;
				INFOPLIST_FILE = TurnKnobUITests/Info.plist;
				LD_RUNPATH_SEARCH_PATHS = "$(inherited) @executable_path/Frameworks @loader_path/Frameworks";
				PRODUCT_BUNDLE_IDENTIFIER = com.danielhjartstrom.TurnKnobUITests;
				PRODUCT_NAME = "$(TARGET_NAME)";
				SWIFT_VERSION = 3.0;
				TEST_TARGET_NAME = TurnKnob;
			};
			name = Debug;
		};
		7B740FD61F3F41100029DD94 /* Release */ = {
			isa = XCBuildConfiguration;
			buildSettings = {
				ALWAYS_EMBED_SWIFT_STANDARD_LIBRARIES = YES;
				DEVELOPMENT_TEAM = 6ZL797GF7H;
				INFOPLIST_FILE = TurnKnobUITests/Info.plist;
				LD_RUNPATH_SEARCH_PATHS = "$(inherited) @executable_path/Frameworks @loader_path/Frameworks";
				PRODUCT_BUNDLE_IDENTIFIER = com.danielhjartstrom.TurnKnobUITests;
				PRODUCT_NAME = "$(TARGET_NAME)";
				SWIFT_VERSION = 3.0;
				TEST_TARGET_NAME = TurnKnob;
			};
			name = Release;
		};
/* End XCBuildConfiguration section */

/* Begin XCConfigurationList section */
		7B740FA11F3F410F0029DD94 /* Build configuration list for PBXProject "TurnKnob" */ = {
			isa = XCConfigurationList;
			buildConfigurations = (
				7B740FCC1F3F41100029DD94 /* Debug */,
				7B740FCD1F3F41100029DD94 /* Release */,
			);
			defaultConfigurationIsVisible = 0;
			defaultConfigurationName = Release;
		};
		7B740FCE1F3F41100029DD94 /* Build configuration list for PBXNativeTarget "TurnKnob" */ = {
			isa = XCConfigurationList;
			buildConfigurations = (
				7B740FCF1F3F41100029DD94 /* Debug */,
				7B740FD01F3F41100029DD94 /* Release */,
			);
			defaultConfigurationIsVisible = 0;
			defaultConfigurationName = Release;
		};
		7B740FD11F3F41100029DD94 /* Build configuration list for PBXNativeTarget "TurnKnobTests" */ = {
			isa = XCConfigurationList;
			buildConfigurations = (
				7B740FD21F3F41100029DD94 /* Debug */,
				7B740FD31F3F41100029DD94 /* Release */,
			);
			defaultConfigurationIsVisible = 0;
			defaultConfigurationName = Release;
		};
		7B740FD41F3F41100029DD94 /* Build configuration list for PBXNativeTarget "TurnKnobUITests" */ = {
			isa = XCConfigurationList;
			buildConfigurations = (
				7B740FD51F3F41100029DD94 /* Debug */,
				7B740FD61F3F41100029DD94 /* Release */,
			);
			defaultConfigurationIsVisible = 0;
			defaultConfigurationName = Release;
		};
/* End XCConfigurationList section */
	};
	rootObject = 7B740F9E1F3F410F0029DD94 /* Project object */;
}
